
Microsoft Visual Studio Solution File, Format Version 12.00
# Visual Studio Version 16
VisualStudioVersion = 16.0.808.3
MinimumVisualStudioVersion = 10.0.40219.1
Project("{FAE04EC0-301F-11D3-BF4B-00C04F79EFBC}") = "HackerRankPractice", "HackerRankPractice.csproj", "{B241EB3A-6EED-49DF-8250-3031793DB459}"
EndProject
Global
	GlobalSection(SolutionConfigurationPlatforms) = preSolution
		Debug|Any CPU = Debug|Any CPU
		Release|Any CPU = Release|Any CPU
	EndGlobalSection
	GlobalSection(ProjectConfigurationPlatforms) = postSolution
		{B241EB3A-6EED-49DF-8250-3031793DB459}.Debug|Any CPU.ActiveCfg = Debug|Any CPU
		{B241EB3A-6EED-49DF-8250-3031793DB459}.Debug|Any CPU.Build.0 = Debug|Any CPU
		{B241EB3A-6EED-49DF-8250-3031793DB459}.Release|Any CPU.ActiveCfg = Release|Any CPU
		{B241EB3A-6EED-49DF-8250-3031793DB459}.Release|Any CPU.Build.0 = Release|Any CPU
	EndGlobalSection
	GlobalSection(SolutionProperties) = preSolution
		HideSolutionNode = FALSE
	EndGlobalSection
	GlobalSection(ExtensibilityGlobals) = postSolution
		SolutionGuid = {027FBDFC-930D-446F-A0C0-F67D9220BE2E}
	EndGlobalSection
EndGlobal
